
Microsoft Visual Studio Solution File, Format Version 12.00
# Visual Studio Version 16
VisualStudioVersion = 16.0.31702.278
MinimumVisualStudioVersion = 10.0.40219.1
Project("{FAE04EC0-301F-11D3-BF4B-00C04F79EFBC}") = "WinMediatheque", "WinMediatheque\WinMediatheque.csproj", "{506F99EA-AF94-4762-A629-32437A441B9E}"
EndProject
Global
	GlobalSection(SolutionConfigurationPlatforms) = preSolution
		Debug|Any CPU = Debug|Any CPU
		Release|Any CPU = Release|Any CPU
	EndGlobalSection
	GlobalSection(ProjectConfigurationPlatforms) = postSolution
		{506F99EA-AF94-4762-A629-32437A441B9E}.Debug|Any CPU.ActiveCfg = Debug|Any CPU
		{506F99EA-AF94-4762-A629-32437A441B9E}.Debug|Any CPU.Build.0 = Debug|Any CPU
		{506F99EA-AF94-4762-A629-32437A441B9E}.Release|Any CPU.ActiveCfg = Release|Any CPU
		{506F99EA-AF94-4762-A629-32437A441B9E}.Release|Any CPU.Build.0 = Release|Any CPU
	EndGlobalSection
	GlobalSection(SolutionProperties) = preSolution
		HideSolutionNode = FALSE
	EndGlobalSection
	GlobalSection(ExtensibilityGlobals) = postSolution
		SolutionGuid = {1CBE1B1C-FF72-483D-852F-8F84D61C200D}
	EndGlobalSection
EndGlobal
